
Microsoft Visual Studio Solution File, Format Version 12.00
# Visual Studio Version 16
VisualStudioVersion = 16.0.30320.27
MinimumVisualStudioVersion = 10.0.40219.1
Project("{FAE04EC0-301F-11D3-BF4B-00C04F79EFBC}") = "DiceRoller", "DiceRoller\DiceRoller.csproj", "{092712DE-6A8B-4654-8FF1-0DA1E21D0ABE}"
EndProject
Global
	GlobalSection(SolutionConfigurationPlatforms) = preSolution
		Debug|Any CPU = Debug|Any CPU
		Release|Any CPU = Release|Any CPU
	EndGlobalSection
	GlobalSection(ProjectConfigurationPlatforms) = postSolution
		{092712DE-6A8B-4654-8FF1-0DA1E21D0ABE}.Debug|Any CPU.ActiveCfg = Debug|Any CPU
		{092712DE-6A8B-4654-8FF1-0DA1E21D0ABE}.Debug|Any CPU.Build.0 = Debug|Any CPU
		{092712DE-6A8B-4654-8FF1-0DA1E21D0ABE}.Release|Any CPU.ActiveCfg = Release|Any CPU
		{092712DE-6A8B-4654-8FF1-0DA1E21D0ABE}.Release|Any CPU.Build.0 = Release|Any CPU
	EndGlobalSection
	GlobalSection(SolutionProperties) = preSolution
		HideSolutionNode = FALSE
	EndGlobalSection
	GlobalSection(ExtensibilityGlobals) = postSolution
		SolutionGuid = {8A875E6D-3691-4D8D-A5E1-6B402F19445C}
	EndGlobalSection
EndGlobal
